dependencies:
  espressif/cmake_utilities:
    component_hash: 351350613ceafba240b761b4ea991e0f231ac7a9f59a9ee901f751bddc0bb18f
    dependencies:
    - name: idf
      require: private
      version: '>=4.1'
    source:
      registry_url: https://components.espressif.com
      type: service
    version: 0.5.3
  espressif/ds18b20:
    component_hash: 38022d0c39c08b1df3e77f95a3f9544251549a1fd9b6263357bf714026f4bb6b
    dependencies:
    - name: espressif/onewire_bus
      registry_url: https://components.espressif.com
      require: private
      version: ^1.1.0
    - matches:
      - if: $CONFIG{DS18B20_SENSOR_HUB} == True
      name: espressif/sensor_hub
      registry_url: https://components.espressif.com
      require: public
      version: ^0.1.4
    source:
      registry_url: https://components.espressif.com/
      type: service
    version: 0.4.0
  espressif/esp_lcd_ili9341:
    component_hash: 840387ee0c90a473e43fdc75570f77c52f06423aa331d95479bde8b418c43547
    dependencies:
    - name: espressif/cmake_utilities
      registry_url: https://components.espressif.com
      require: private
      version: 0.*
    - name: idf
      require: private
      version: '>=5.2'
    source:
      registry_url: https://components.espressif.com/
      type: service
    version: 2.1.0
  espressif/esp_modem:
    component_hash: 71c9f54fc512c60d93ea9763377ceb1d5b575a4616f3f3344440b97e2a38da29
    dependencies:
    - name: idf
      require: private
      version: '>=4.1'
    source:
      registry_url: https://components.espressif.com/
      type: service
    version: 1.4.3
  espressif/onewire_bus:
    component_hash: dcce4fb1c2fc43c3d02de1cc9abdf062127468a785578723696de3817c526f99
    dependencies:
    - name: idf
      require: private
      version: '>=5.0'
    source:
      registry_url: https://components.espressif.com/
      type: service
    version: 1.1.2
  idf:
    source:
      type: idf
    version: 6.0.0
direct_dependencies:
- espressif/ds18b20
- espressif/esp_lcd_ili9341
- espressif/esp_modem
- espressif/onewire_bus
- idf
manifest_hash: cc74712d23409d7edae64a252ab86299e21c31a13eba572ec44bbaf49e8a9b5a
target: esp32
version: 3.0.0
